
Microsoft Visual Studio Solution File, Format Version 12.00
# Visual Studio Version 17
VisualStudioVersion = 17.3.32825.248
MinimumVisualStudioVersion = 10.0.40219.1
Project("{FAE04EC0-301F-11D3-BF4B-00C04F79EFBC}") = "Week3IfAndSwitch", "Week3IfAndSwitch\Week3IfAndSwitch.csproj", "{0E74858E-51DE-463B-9410-B77A00DEB8EE}"
EndProject
Project("{FAE04EC0-301F-11D3-BF4B-00C04F79EFBC}") = "OddOrEven", "OddOrEven\OddOrEven.csproj", "{E4B6CE0A-C4BA-41C5-834C-10178420EF9B}"
EndProject
Project("{FAE04EC0-301F-11D3-BF4B-00C04F79EFBC}") = "IfDayOfTheWeek", "IfDayOfTheWeek\IfDayOfTheWeek.csproj", "{22EAAC01-B75C-4A2A-A346-2D1995FBDE23}"
EndProject
Project("{FAE04EC0-301F-11D3-BF4B-00C04F79EFBC}") = "SwitchDayOfTheWeek", "SwitchDayOfTheWeek\SwitchDayOfTheWeek.csproj", "{B42AEA57-B0A1-4459-A7D7-C65DB9C30E87}"
EndProject
Global
	GlobalSection(SolutionConfigurationPlatforms) = preSolution
		Debug|Any CPU = Debug|Any CPU
		Release|Any CPU = Release|Any CPU
	EndGlobalSection
	GlobalSection(ProjectConfigurationPlatforms) = postSolution
		{0E74858E-51DE-463B-9410-B77A00DEB8EE}.Debug|Any CPU.ActiveCfg = Debug|Any CPU
		{0E74858E-51DE-463B-9410-B77A00DEB8EE}.Debug|Any CPU.Build.0 = Debug|Any CPU
		{0E74858E-51DE-463B-9410-B77A00DEB8EE}.Release|Any CPU.ActiveCfg = Release|Any CPU
		{0E74858E-51DE-463B-9410-B77A00DEB8EE}.Release|Any CPU.Build.0 = Release|Any CPU
		{E4B6CE0A-C4BA-41C5-834C-10178420EF9B}.Debug|Any CPU.ActiveCfg = Debug|Any CPU
		{E4B6CE0A-C4BA-41C5-834C-10178420EF9B}.Debug|Any CPU.Build.0 = Debug|Any CPU
		{E4B6CE0A-C4BA-41C5-834C-10178420EF9B}.Release|Any CPU.ActiveCfg = Release|Any CPU
		{E4B6CE0A-C4BA-41C5-834C-10178420EF9B}.Release|Any CPU.Build.0 = Release|Any CPU
		{22EAAC01-B75C-4A2A-A346-2D1995FBDE23}.Debug|Any CPU.ActiveCfg = Debug|Any CPU
		{22EAAC01-B75C-4A2A-A346-2D1995FBDE23}.Debug|Any CPU.Build.0 = Debug|Any CPU
		{22EAAC01-B75C-4A2A-A346-2D1995FBDE23}.Release|Any CPU.ActiveCfg = Release|Any CPU
		{22EAAC01-B75C-4A2A-A346-2D1995FBDE23}.Release|Any CPU.Build.0 = Release|Any CPU
		{B42AEA57-B0A1-4459-A7D7-C65DB9C30E87}.Debug|Any CPU.ActiveCfg = Debug|Any CPU
		{B42AEA57-B0A1-4459-A7D7-C65DB9C30E87}.Debug|Any CPU.Build.0 = Debug|Any CPU
		{B42AEA57-B0A1-4459-A7D7-C65DB9C30E87}.Release|Any CPU.ActiveCfg = Release|Any CPU
		{B42AEA57-B0A1-4459-A7D7-C65DB9C30E87}.Release|Any CPU.Build.0 = Release|Any CPU
	EndGlobalSection
	GlobalSection(SolutionProperties) = preSolution
		HideSolutionNode = FALSE
	EndGlobalSection
	GlobalSection(ExtensibilityGlobals) = postSolution
		SolutionGuid = {965A8556-F215-472E-9DAA-8D6AA99B97DD}
	EndGlobalSection
EndGlobal
